// !$*UTF8*$!
{
	archiveVersion = 1;
	classes = {
	};
	objectVersion = 46;
	objects = {

/* Begin PBXBuildFile section */
		560273EE1F7A98C30072A260 /* WRTableViewCell.m in Sources */ = {isa = PBXBuildFile; fileRef = 560273ED1F7A98C30072A260 /* WRTableViewCell.m */; };
		BB0EF4911F7A03BB00CE3846 /* UIButton+WRConvenience.m in Sources */ = {isa = PBXBuildFile; fileRef = BB0EF4791F7A03BA00CE3846 /* UIButton+WRConvenience.m */; };
		BB0EF4921F7A03BB00CE3846 /* UIButton+WRExpand.m in Sources */ = {isa = PBXBuildFile; fileRef = BB0EF47B1F7A03BA00CE3846 /* UIButton+WRExpand.m */; };
		BB0EF4931F7A03BB00CE3846 /* UIControl+WRBlocks.m in Sources */ = {isa = PBXBuildFile; fileRef = BB0EF47D1F7A03BA00CE3846 /* UIControl+WRBlocks.m */; };
		BB0EF4941F7A03BB00CE3846 /* UIImage+WRConvenience.m in Sources */ = {isa = PBXBuildFile; fileRef = BB0EF47F1F7A03BA00CE3846 /* UIImage+WRConvenience.m */; };
		BB0EF4951F7A03BB00CE3846 /* UILabel+WRConvenience.m in Sources */ = {isa = PBXBuildFile; fileRef = BB0EF4811F7A03BA00CE3846 /* UILabel+WRConvenience.m */; };
		BB0EF4961F7A03BB00CE3846 /* UILabel+WRSize.m in Sources */ = {isa = PBXBuildFile; fileRef = BB0EF4831F7A03BA00CE3846 /* UILabel+WRSize.m */; };
		BB0EF4971F7A03BB00CE3846 /* UITextField+WRContentChanged.m in Sources */ = {isa = PBXBuildFile; fileRef = BB0EF4851F7A03BA00CE3846 /* UITextField+WRContentChanged.m */; };
		BB0EF4981F7A03BB00CE3846 /* UITextField+WRConvenience.m in Sources */ = {isa = PBXBuildFile; fileRef = BB0EF4871F7A03BA00CE3846 /* UITextField+WRConvenience.m */; };
		BB0EF4991F7A03BB00CE3846 /* NSDate+WRCalendar.m in Sources */ = {isa = PBXBuildFile; fileRef = BB0EF48B1F7A03BA00CE3846 /* NSDate+WRCalendar.m */; };
		BB0EF49A1F7A03BB00CE3846 /* NSObject+WRJudge.m in Sources */ = {isa = PBXBuildFile; fileRef = BB0EF48D1F7A03BA00CE3846 /* NSObject+WRJudge.m */; };
		BB0EF49B1F7A03BB00CE3846 /* NSString+WRJudge.m in Sources */ = {isa = PBXBuildFile; fileRef = BB0EF48F1F7A03BA00CE3846 /* NSString+WRJudge.m */; };
		BB0EF49E1F7A03D200CE3846 /* UIView+WRMongolian.m in Sources */ = {isa = PBXBuildFile; fileRef = BB0EF49D1F7A03D200CE3846 /* UIView+WRMongolian.m */; };
		BB0EF4B91F7A2E5500CE3846 /* NSObject+WRUserDefaults.m in Sources */ = {isa = PBXBuildFile; fileRef = BB0EF4B81F7A2E5500CE3846 /* NSObject+WRUserDefaults.m */; };
		BB1493391F945B9200DDC429 /* WRMongolianLabel.m in Sources */ = {isa = PBXBuildFile; fileRef = BB1493381F945B9200DDC429 /* WRMongolianLabel.m */; };
		BB14933C1F948B9200DDC429 /* WRMongolianContainer.m in Sources */ = {isa = PBXBuildFile; fileRef = BB14933B1F948B9200DDC429 /* WRMongolianContainer.m */; };
		BB14933F1F948C2A00DDC429 /* WRLine.m in Sources */ = {isa = PBXBuildFile; fileRef = BB14933E1F948C2A00DDC429 /* WRLine.m */; };
		BB1493411F94A04500DDC429 /* mnglbaizhengaat.ttf in Resources */ = {isa = PBXBuildFile; fileRef = BB1493401F94A04500DDC429 /* mnglbaizhengaat.ttf */; };
		BB161E681F7B8C4D005B73C7 /* WRCollectionView.m in Sources */ = {isa = PBXBuildFile; fileRef = BB161E671F7B8C4D005B73C7 /* WRCollectionView.m */; };
		BB9BE9861F453D7D009FA8AC /* main.m in Sources */ = {isa = PBXBuildFile; fileRef = BB9BE9851F453D7D009FA8AC /* main.m */; };
		BB9BE9891F453D7D009FA8AC /* AppDelegate.m in Sources */ = {isa = PBXBuildFile; fileRef = BB9BE9881F453D7D009FA8AC /* AppDelegate.m */; };
		BB9BE98C1F453D7D009FA8AC /* ViewController.m in Sources */ = {isa = PBXBuildFile; fileRef = BB9BE98B1F453D7D009FA8AC /* ViewController.m */; };
		BB9BE98F1F453D7D009FA8AC /* Main.storyboard in Resources */ = {isa = PBXBuildFile; fileRef = BB9BE98D1F453D7D009FA8AC /* Main.storyboard */; };
		BB9BE9911F453D7D009FA8AC /* Assets.xcassets in Resources */ = {isa = PBXBuildFile; fileRef = BB9BE9901F453D7D009FA8AC /* Assets.xcassets */; };
		BB9BE9941F453D7D009FA8AC /* LaunchScreen.storyboard in Resources */ = {isa = PBXBuildFile; fileRef = BB9BE9921F453D7D009FA8AC /* LaunchScreen.storyboard */; };
		BB9BE99E1F453ED7009FA8AC /* UIKit.framework in Frameworks */ = {isa = PBXBuildFile; fileRef = BB9BE99D1F453ED7009FA8AC /* UIKit.framework */; };
		BBA19A0E1F7A3946000102A2 /* WRTableView.m in Sources */ = {isa = PBXBuildFile; fileRef = BBA19A0D1F7A3946000102A2 /* WRTableView.m */; };
		BBA1A6121F7CF10C00973672 /* WRCollectionViewCell.m in Sources */ = {isa = PBXBuildFile; fileRef = BBA1A6111F7CF10C00973672 /* WRCollectionViewCell.m */; };
		BBB3F1AB1F99D5BC00915D7E /* NSString+WRSize.m in Sources */ = {isa = PBXBuildFile; fileRef = BBB3F1AA1F99D5BC00915D7E /* NSString+WRSize.m */; };
		BBCC744F1FACA52200FDAFB0 /* WRObject.m in Sources */ = {isa = PBXBuildFile; fileRef = BBCC744E1FACA52200FDAFB0 /* WRObject.m */; };
/* End PBXBuildFile section */

/* Begin PBXFileReference section */
		560273EC1F7A98C30072A260 /* WRTableViewCell.h */ = {isa = PBXFileReference; lastKnownFileType = sourcecode.c.h; path = WRTableViewCell.h; sourceTree = "<group>"; };
		560273ED1F7A98C30072A260 /* WRTableViewCell.m */ = {isa = PBXFileReference; lastKnownFileType = sourcecode.c.objc; path = WRTableViewCell.m; sourceTree = "<group>"; };
		BB0EF4781F7A03BA00CE3846 /* UIButton+WRConvenience.h */ = {isa = PBXFileReference; fileEncoding = 4; lastKnownFileType = sourcecode.c.h; path = "UIButton+WRConvenience.h"; sourceTree = "<group>"; };
		BB0EF4791F7A03BA00CE3846 /* UIButton+WRConvenience.m */ = {isa = PBXFileReference; fileEncoding = 4; lastKnownFileType = sourcecode.c.objc; path = "UIButton+WRConvenience.m"; sourceTree = "<group>"; };
		BB0EF47A1F7A03BA00CE3846 /* UIButton+WRExpand.h */ = {isa = PBXFileReference; fileEncoding = 4; lastKnownFileType = sourcecode.c.h; path = "UIButton+WRExpand.h"; sourceTree = "<group>"; };
		BB0EF47B1F7A03BA00CE3846 /* UIButton+WRExpand.m */ = {isa = PBXFileReference; fileEncoding = 4; lastKnownFileType = sourcecode.c.objc; path = "UIButton+WRExpand.m"; sourceTree = "<group>"; };
		BB0EF47C1F7A03BA00CE3846 /* UIControl+WRBlocks.h */ = {isa = PBXFileReference; fileEncoding = 4; lastKnownFileType = sourcecode.c.h; path = "UIControl+WRBlocks.h"; sourceTree = "<group>"; };
		BB0EF47D1F7A03BA00CE3846 /* UIControl+WRBlocks.m */ = {isa = PBXFileReference; fileEncoding = 4; lastKnownFileType = sourcecode.c.objc; path = "UIControl+WRBlocks.m"; sourceTree = "<group>"; };
		BB0EF47E1F7A03BA00CE3846 /* UIImage+WRConvenience.h */ = {isa = PBXFileReference; fileEncoding = 4; lastKnownFileType = sourcecode.c.h; path = "UIImage+WRConvenience.h"; sourceTree = "<group>"; };
		BB0EF47F1F7A03BA00CE3846 /* UIImage+WRConvenience.m */ = {isa = PBXFileReference; fileEncoding = 4; lastKnownFileType = sourcecode.c.objc; path = "UIImage+WRConvenience.m"; sourceTree = "<group>"; };
		BB0EF4801F7A03BA00CE3846 /* UILabel+WRConvenience.h */ = {isa = PBXFileReference; fileEncoding = 4; lastKnownFileType = sourcecode.c.h; path = "UILabel+WRConvenience.h"; sourceTree = "<group>"; };
		BB0EF4811F7A03BA00CE3846 /* UILabel+WRConvenience.m */ = {isa = PBXFileReference; fileEncoding = 4; lastKnownFileType = sourcecode.c.objc; path = "UILabel+WRConvenience.m"; sourceTree = "<group>"; };
		BB0EF4821F7A03BA00CE3846 /* UILabel+WRSize.h */ = {isa = PBXFileReference; fileEncoding = 4; lastKnownFileType = sourcecode.c.h; path = "UILabel+WRSize.h"; sourceTree = "<group>"; };
		BB0EF4831F7A03BA00CE3846 /* UILabel+WRSize.m */ = {isa = PBXFileReference; fileEncoding = 4; lastKnownFileType = sourcecode.c.objc; path = "UILabel+WRSize.m"; sourceTree = "<group>"; };
		BB0EF4841F7A03BA00CE3846 /* UITextField+WRContentChanged.h */ = {isa = PBXFileReference; fileEncoding = 4; lastKnownFileType = sourcecode.c.h; path = "UITextField+WRContentChanged.h"; sourceTree = "<group>"; };
		BB0EF4851F7A03BA00CE3846 /* UITextField+WRContentChanged.m */ = {isa = PBXFileReference; fileEncoding = 4; lastKnownFileType = sourcecode.c.objc; path = "UITextField+WRContentChanged.m"; sourceTree = "<group>"; };
		BB0EF4861F7A03BA00CE3846 /* UITextField+WRConvenience.h */ = {isa = PBXFileReference; fileEncoding = 4; lastKnownFileType = sourcecode.c.h; path = "UITextField+WRConvenience.h"; sourceTree = "<group>"; };
		BB0EF4871F7A03BA00CE3846 /* UITextField+WRConvenience.m */ = {isa = PBXFileReference; fileEncoding = 4; lastKnownFileType = sourcecode.c.objc; path = "UITextField+WRConvenience.m"; sourceTree = "<group>"; };
		BB0EF4881F7A03BA00CE3846 /* WRKit.h */ = {isa = PBXFileReference; fileEncoding = 4; lastKnownFileType = sourcecode.c.h; path = WRKit.h; sourceTree = "<group>"; };
		BB0EF48A1F7A03BA00CE3846 /* NSDate+WRCalendar.h */ = {isa = PBXFileReference; fileEncoding = 4; lastKnownFileType = sourcecode.c.h; path = "NSDate+WRCalendar.h"; sourceTree = "<group>"; };
		BB0EF48B1F7A03BA00CE3846 /* NSDate+WRCalendar.m */ = {isa = PBXFileReference; fileEncoding = 4; lastKnownFileType = sourcecode.c.objc; path = "NSDate+WRCalendar.m"; sourceTree = "<group>"; };
		BB0EF48C1F7A03BA00CE3846 /* NSObject+WRJudge.h */ = {isa = PBXFileReference; fileEncoding = 4; lastKnownFileType = sourcecode.c.h; path = "NSObject+WRJudge.h"; sourceTree = "<group>"; };
		BB0EF48D1F7A03BA00CE3846 /* NSObject+WRJudge.m */ = {isa = PBXFileReference; fileEncoding = 4; lastKnownFileType = sourcecode.c.objc; path = "NSObject+WRJudge.m"; sourceTree = "<group>"; };
		BB0EF48E1F7A03BA00CE3846 /* NSString+WRJudge.h */ = {isa = PBXFileReference; fileEncoding = 4; lastKnownFileType = sourcecode.c.h; path = "NSString+WRJudge.h"; sourceTree = "<group>"; };
		BB0EF48F1F7A03BA00CE3846 /* NSString+WRJudge.m */ = {isa = PBXFileReference; fileEncoding = 4; lastKnownFileType = sourcecode.c.objc; path = "NSString+WRJudge.m"; sourceTree = "<group>"; };
		BB0EF4901F7A03BA00CE3846 /* WRFoundation.h */ = {isa = PBXFileReference; fileEncoding = 4; lastKnownFileType = sourcecode.c.h; path = WRFoundation.h; sourceTree = "<group>"; };
		BB0EF49C1F7A03D100CE3846 /* UIView+WRMongolian.h */ = {isa = PBXFileReference; fileEncoding = 4; lastKnownFileType = sourcecode.c.h; path = "UIView+WRMongolian.h"; sourceTree = "<group>"; };
		BB0EF49D1F7A03D200CE3846 /* UIView+WRMongolian.m */ = {isa = PBXFileReference; fileEncoding = 4; lastKnownFileType = sourcecode.c.objc; path = "UIView+WRMongolian.m"; sourceTree = "<group>"; };
		BB0EF4B71F7A2E5500CE3846 /* NSObject+WRUserDefaults.h */ = {isa = PBXFileReference; lastKnownFileType = sourcecode.c.h; path = "NSObject+WRUserDefaults.h"; sourceTree = "<group>"; };
		BB0EF4B81F7A2E5500CE3846 /* NSObject+WRUserDefaults.m */ = {isa = PBXFileReference; lastKnownFileType = sourcecode.c.objc; path = "NSObject+WRUserDefaults.m"; sourceTree = "<group>"; };
		BB1493371F945B9200DDC429 /* WRMongolianLabel.h */ = {isa = PBXFileReference; lastKnownFileType = sourcecode.c.h; path = WRMongolianLabel.h; sourceTree = "<group>"; };
		BB1493381F945B9200DDC429 /* WRMongolianLabel.m */ = {isa = PBXFileReference; lastKnownFileType = sourcecode.c.objc; path = WRMongolianLabel.m; sourceTree = "<group>"; };
		BB14933A1F948B9200DDC429 /* WRMongolianContainer.h */ = {isa = PBXFileReference; lastKnownFileType = sourcecode.c.h; path = WRMongolianContainer.h; sourceTree = "<group>"; };
		BB14933B1F948B9200DDC429 /* WRMongolianContainer.m */ = {isa = PBXFileReference; lastKnownFileType = sourcecode.c.objc; path = WRMongolianContainer.m; sourceTree = "<group>"; };
		BB14933D1F948C2A00DDC429 /* WRLine.h */ = {isa = PBXFileReference; lastKnownFileType = sourcecode.c.h; path = WRLine.h; sourceTree = "<group>"; };
		BB14933E1F948C2A00DDC429 /* WRLine.m */ = {isa = PBXFileReference; lastKnownFileType = sourcecode.c.objc; path = WRLine.m; sourceTree = "<group>"; };
		BB1493401F94A04500DDC429 /* mnglbaizhengaat.ttf */ = {isa = PBXFileReference; lastKnownFileType = file; path = mnglbaizhengaat.ttf; sourceTree = "<group>"; };
		BB161E661F7B8C4D005B73C7 /* WRCollectionView.h */ = {isa = PBXFileReference; lastKnownFileType = sourcecode.c.h; path = WRCollectionView.h; sourceTree = "<group>"; };
		BB161E671F7B8C4D005B73C7 /* WRCollectionView.m */ = {isa = PBXFileReference; lastKnownFileType = sourcecode.c.objc; path = WRCollectionView.m; sourceTree = "<group>"; };
		BB9BE9811F453D7D009FA8AC /* WRKitDemo.app */ = {isa = PBXFileReference; explicitFileType = wrapper.application; includeInIndex = 0; path = WRKitDemo.app; sourceTree = BUILT_PRODUCTS_DIR; };
		BB9BE9851F453D7D009FA8AC /* main.m */ = {isa = PBXFileReference; lastKnownFileType = sourcecode.c.objc; path = main.m; sourceTree = "<group>"; };
		BB9BE9871F453D7D009FA8AC /* AppDelegate.h */ = {isa = PBXFileReference; lastKnownFileType = sourcecode.c.h; path = AppDelegate.h; sourceTree = "<group>"; };
		BB9BE9881F453D7D009FA8AC /* AppDelegate.m */ = {isa = PBXFileReference; lastKnownFileType = sourcecode.c.objc; path = AppDelegate.m; sourceTree = "<group>"; };
		BB9BE98A1F453D7D009FA8AC /* ViewController.h */ = {isa = PBXFileReference; lastKnownFileType = sourcecode.c.h; path = ViewController.h; sourceTree = "<group>"; };
		BB9BE98B1F453D7D009FA8AC /* ViewController.m */ = {isa = PBXFileReference; lastKnownFileType = sourcecode.c.objc; path = ViewController.m; sourceTree = "<group>"; };
		BB9BE98E1F453D7D009FA8AC /* Base */ = {isa = PBXFileReference; lastKnownFileType = file.storyboard; name = Base; path = Base.lproj/Main.storyboard; sourceTree = "<group>"; };
		BB9BE9901F453D7D009FA8AC /* Assets.xcassets */ = {isa = PBXFileReference; lastKnownFileType = folder.assetcatalog; path = Assets.xcassets; sourceTree = "<group>"; };
		BB9BE9931F453D7D009FA8AC /* Base */ = {isa = PBXFileReference; lastKnownFileType = file.storyboard; name = Base; path = Base.lproj/LaunchScreen.storyboard; sourceTree = "<group>"; };
		BB9BE9951F453D7D009FA8AC /* Info.plist */ = {isa = PBXFileReference; lastKnownFileType = text.plist.xml; path = Info.plist; sourceTree = "<group>"; };
		BB9BE99D1F453ED7009FA8AC /* UIKit.framework */ = {isa = PBXFileReference; lastKnownFileType = wrapper.framework; name = UIKit.framework; path = System/Library/Frameworks/UIKit.framework; sourceTree = SDKROOT; };
		BBA19A0C1F7A3946000102A2 /* WRTableView.h */ = {isa = PBXFileReference; lastKnownFileType = sourcecode.c.h; path = WRTableView.h; sourceTree = "<group>"; };
		BBA19A0D1F7A3946000102A2 /* WRTableView.m */ = {isa = PBXFileReference; lastKnownFileType = sourcecode.c.objc; path = WRTableView.m; sourceTree = "<group>"; };
		BBA1A6101F7CF10C00973672 /* WRCollectionViewCell.h */ = {isa = PBXFileReference; lastKnownFileType = sourcecode.c.h; path = WRCollectionViewCell.h; sourceTree = "<group>"; };
		BBA1A6111F7CF10C00973672 /* WRCollectionViewCell.m */ = {isa = PBXFileReference; lastKnownFileType = sourcecode.c.objc; path = WRCollectionViewCell.m; sourceTree = "<group>"; };
		BBB3F1A91F99D5BC00915D7E /* NSString+WRSize.h */ = {isa = PBXFileReference; lastKnownFileType = sourcecode.c.h; path = "NSString+WRSize.h"; sourceTree = "<group>"; };
		BBB3F1AA1F99D5BC00915D7E /* NSString+WRSize.m */ = {isa = PBXFileReference; lastKnownFileType = sourcecode.c.objc; path = "NSString+WRSize.m"; sourceTree = "<group>"; };
		BBCC744D1FACA52200FDAFB0 /* WRObject.h */ = {isa = PBXFileReference; lastKnownFileType = sourcecode.c.h; path = WRObject.h; sourceTree = "<group>"; };
		BBCC744E1FACA52200FDAFB0 /* WRObject.m */ = {isa = PBXFileReference; lastKnownFileType = sourcecode.c.objc; path = WRObject.m; sourceTree = "<group>"; };
/* End PBXFileReference section */

/* Begin PBXFrameworksBuildPhase section */
		BB9BE97E1F453D7D009FA8AC /* Frameworks */ = {
			isa = PBXFrameworksBuildPhase;
			buildActionMask = 2147483647;
			files = (
				BB9BE99E1F453ED7009FA8AC /* UIKit.framework in Frameworks */,
			);
			runOnlyForDeploymentPostprocessing = 0;
		};
/* End PBXFrameworksBuildPhase section */

/* Begin PBXGroup section */
		BB0EF4771F7A03BA00CE3846 /* WRKit */ = {
			isa = PBXGroup;
			children = (
				BB0EF4781F7A03BA00CE3846 /* UIButton+WRConvenience.h */,
				BB0EF4791F7A03BA00CE3846 /* UIButton+WRConvenience.m */,
				BB0EF47A1F7A03BA00CE3846 /* UIButton+WRExpand.h */,
				BB0EF47B1F7A03BA00CE3846 /* UIButton+WRExpand.m */,
				BB0EF47C1F7A03BA00CE3846 /* UIControl+WRBlocks.h */,
				BB0EF47D1F7A03BA00CE3846 /* UIControl+WRBlocks.m */,
				BB0EF47E1F7A03BA00CE3846 /* UIImage+WRConvenience.h */,
				BB0EF47F1F7A03BA00CE3846 /* UIImage+WRConvenience.m */,
				BB0EF4801F7A03BA00CE3846 /* UILabel+WRConvenience.h */,
				BB0EF4811F7A03BA00CE3846 /* UILabel+WRConvenience.m */,
				BB0EF4821F7A03BA00CE3846 /* UILabel+WRSize.h */,
				BB0EF4831F7A03BA00CE3846 /* UILabel+WRSize.m */,
				BB0EF4841F7A03BA00CE3846 /* UITextField+WRContentChanged.h */,
				BB0EF4851F7A03BA00CE3846 /* UITextField+WRContentChanged.m */,
				BB0EF4861F7A03BA00CE3846 /* UITextField+WRConvenience.h */,
				BB0EF4871F7A03BA00CE3846 /* UITextField+WRConvenience.m */,
				BB0EF49C1F7A03D100CE3846 /* UIView+WRMongolian.h */,
				BB0EF49D1F7A03D200CE3846 /* UIView+WRMongolian.m */,
				BBA19A0C1F7A3946000102A2 /* WRTableView.h */,
				BBA19A0D1F7A3946000102A2 /* WRTableView.m */,
				BB161E661F7B8C4D005B73C7 /* WRCollectionView.h */,
				BB161E671F7B8C4D005B73C7 /* WRCollectionView.m */,
				BB1493361F9455FB00DDC429 /* CoreText */,
				BB0EF4881F7A03BA00CE3846 /* WRKit.h */,
			);
			name = WRKit;
			path = "../../WRKit-Foundation/WRKit";
			sourceTree = "<group>";
		};
		BB0EF4891F7A03BA00CE3846 /* WRFoundation */ = {
			isa = PBXGroup;
			children = (
				BB0EF48A1F7A03BA00CE3846 /* NSDate+WRCalendar.h */,
				BB0EF48B1F7A03BA00CE3846 /* NSDate+WRCalendar.m */,
				BB0EF48C1F7A03BA00CE3846 /* NSObject+WRJudge.h */,
				BB0EF48D1F7A03BA00CE3846 /* NSObject+WRJudge.m */,
				BB0EF4B71F7A2E5500CE3846 /* NSObject+WRUserDefaults.h */,
				BB0EF4B81F7A2E5500CE3846 /* NSObject+WRUserDefaults.m */,
				BB0EF48E1F7A03BA00CE3846 /* NSString+WRJudge.h */,
				BB0EF48F1F7A03BA00CE3846 /* NSString+WRJudge.m */,
				BBB3F1A91F99D5BC00915D7E /* NSString+WRSize.h */,
				BBB3F1AA1F99D5BC00915D7E /* NSString+WRSize.m */,
				BB0EF4901F7A03BA00CE3846 /* WRFoundation.h */,
			);
			name = WRFoundation;
			path = "../../WRKit-Foundation/WRFoundation";
			sourceTree = "<group>";
		};
		BB1493361F9455FB00DDC429 /* CoreText */ = {
			isa = PBXGroup;
			children = (
				BB1493371F945B9200DDC429 /* WRMongolianLabel.h */,
				BB1493381F945B9200DDC429 /* WRMongolianLabel.m */,
				BB14933A1F948B9200DDC429 /* WRMongolianContainer.h */,
				BB14933B1F948B9200DDC429 /* WRMongolianContainer.m */,
				BB14933D1F948C2A00DDC429 /* WRLine.h */,
				BB14933E1F948C2A00DDC429 /* WRLine.m */,
			);
			path = CoreText;
			sourceTree = "<group>";
		};
		BB9BE9781F453D7D009FA8AC = {
			isa = PBXGroup;
			children = (
				BB9BE9831F453D7D009FA8AC /* WRKitDemo */,
				BB9BE9821F453D7D009FA8AC /* Products */,
				BB9BE99C1F453ED7009FA8AC /* Frameworks */,
			);
			sourceTree = "<group>";
		};
		BB9BE9821F453D7D009FA8AC /* Products */ = {
			isa = PBXGroup;
			children = (
				BB9BE9811F453D7D009FA8AC /* WRKitDemo.app */,
			);
			name = Products;
			sourceTree = "<group>";
		};
		BB9BE9831F453D7D009FA8AC /* WRKitDemo */ = {
			isa = PBXGroup;
			children = (
				BB9BE9871F453D7D009FA8AC /* AppDelegate.h */,
				BB9BE9881F453D7D009FA8AC /* AppDelegate.m */,
				BB9BE98A1F453D7D009FA8AC /* ViewController.h */,
				BB9BE98B1F453D7D009FA8AC /* ViewController.m */,
				560273EC1F7A98C30072A260 /* WRTableViewCell.h */,
				560273ED1F7A98C30072A260 /* WRTableViewCell.m */,
				BBA1A6101F7CF10C00973672 /* WRCollectionViewCell.h */,
				BBA1A6111F7CF10C00973672 /* WRCollectionViewCell.m */,
				BBCC744D1FACA52200FDAFB0 /* WRObject.h */,
				BBCC744E1FACA52200FDAFB0 /* WRObject.m */,
				BB0EF4891F7A03BA00CE3846 /* WRFoundation */,
				BB0EF4771F7A03BA00CE3846 /* WRKit */,
				BB9BE98D1F453D7D009FA8AC /* Main.storyboard */,
				BB9BE9901F453D7D009FA8AC /* Assets.xcassets */,
				BB9BE9921F453D7D009FA8AC /* LaunchScreen.storyboard */,
				BB9BE9951F453D7D009FA8AC /* Info.plist */,
				BB9BE9841F453D7D009FA8AC /* Supporting Files */,
			);
			path = WRKitDemo;
			sourceTree = "<group>";
		};
		BB9BE9841F453D7D009FA8AC /* Supporting Files */ = {
			isa = PBXGroup;
			children = (
				BB1493401F94A04500DDC429 /* mnglbaizhengaat.ttf */,
				BB9BE9851F453D7D009FA8AC /* main.m */,
			);
			name = "Supporting Files";
			sourceTree = "<group>";
		};
		BB9BE99C1F453ED7009FA8AC /* Frameworks */ = {
			isa = PBXGroup;
			children = (
				BB9BE99D1F453ED7009FA8AC /* UIKit.framework */,
			);
			name = Frameworks;
			sourceTree = "<group>";
		};
/* End PBXGroup section */

/* Begin PBXNativeTarget section */
		BB9BE9801F453D7D009FA8AC /* WRKitDemo */ = {
			isa = PBXNativeTarget;
			buildConfigurationList = BB9BE9981F453D7D009FA8AC /* Build configuration list for PBXNativeTarget "WRKitDemo" */;
			buildPhases = (
				BB9BE97D1F453D7D009FA8AC /* Sources */,
				BB9BE97E1F453D7D009FA8AC /* Frameworks */,
				BB9BE97F1F453D7D009FA8AC /* Resources */,
			);
			buildRules = (
			);
			dependencies = (
			);
			name = WRKitDemo;
			productName = WRKitDemo;
			productReference = BB9BE9811F453D7D009FA8AC /* WRKitDemo.app */;
			productType = "com.apple.product-type.application";
		};
/* End PBXNativeTarget section */

/* Begin PBXProject section */
		BB9BE9791F453D7D009FA8AC /* Project object */ = {
			isa = PBXProject;
			attributes = {
				LastUpgradeCheck = 0900;
				ORGANIZATIONNAME = xianghui;
				TargetAttributes = {
					BB9BE9801F453D7D009FA8AC = {
						CreatedOnToolsVersion = 8.3.3;
						DevelopmentTeam = R9B26KFUBG;
						ProvisioningStyle = Automatic;
					};
				};
			};
			buildConfigurationList = BB9BE97C1F453D7D009FA8AC /* Build configuration list for PBXProject "WRKitDemo" */;
			compatibilityVersion = "Xcode 3.2";
			developmentRegion = English;
			hasScannedForEncodings = 0;
			knownRegions = (
				en,
				Base,
			);
			mainGroup = BB9BE9781F453D7D009FA8AC;
			productRefGroup = BB9BE9821F453D7D009FA8AC /* Products */;
			projectDirPath = "";
			projectRoot = "";
			targets = (
				BB9BE9801F453D7D009FA8AC /* WRKitDemo */,
			);
		};
/* End PBXProject section */

/* Begin PBXResourcesBuildPhase section */
		BB9BE97F1F453D7D009FA8AC /* Resources */ = {
			isa = PBXResourcesBuildPhase;
			buildActionMask = 2147483647;
			files = (
				BB9BE9941F453D7D009FA8AC /* LaunchScreen.storyboard in Resources */,
				BB9BE9911F453D7D009FA8AC /* Assets.xcassets in Resources */,
				BB9BE98F1F453D7D009FA8AC /* Main.storyboard in Resources */,
				BB1493411F94A04500DDC429 /* mnglbaizhengaat.ttf in Resources */,
			);
			runOnlyForDeploymentPostprocessing = 0;
		};
/* End PBXResourcesBuildPhase section */

/* Begin PBXSourcesBuildPhase section */
		BB9BE97D1F453D7D009FA8AC /* Sources */ = {
			isa = PBXSourcesBuildPhase;
			buildActionMask = 2147483647;
			files = (
				BB0EF49B1F7A03BB00CE3846 /* NSString+WRJudge.m in Sources */,
				BBA19A0E1F7A3946000102A2 /* WRTableView.m in Sources */,
				BB1493391F945B9200DDC429 /* WRMongolianLabel.m in Sources */,
				BB14933C1F948B9200DDC429 /* WRMongolianContainer.m in Sources */,
				BB9BE98C1F453D7D009FA8AC /* ViewController.m in Sources */,
				BB0EF4971F7A03BB00CE3846 /* UITextField+WRContentChanged.m in Sources */,
				BB0EF4B91F7A2E5500CE3846 /* NSObject+WRUserDefaults.m in Sources */,
				BBA1A6121F7CF10C00973672 /* WRCollectionViewCell.m in Sources */,
				BB0EF4951F7A03BB00CE3846 /* UILabel+WRConvenience.m in Sources */,
				BB0EF4981F7A03BB00CE3846 /* UITextField+WRConvenience.m in Sources */,
				BB0EF4921F7A03BB00CE3846 /* UIButton+WRExpand.m in Sources */,
				560273EE1F7A98C30072A260 /* WRTableViewCell.m in Sources */,
				BB9BE9891F453D7D009FA8AC /* AppDelegate.m in Sources */,
				BB0EF4911F7A03BB00CE3846 /* UIButton+WRConvenience.m in Sources */,
				BB0EF4991F7A03BB00CE3846 /* NSDate+WRCalendar.m in Sources */,
				BB0EF49A1F7A03BB00CE3846 /* NSObject+WRJudge.m in Sources */,
				BB161E681F7B8C4D005B73C7 /* WRCollectionView.m in Sources */,
				BB0EF4961F7A03BB00CE3846 /* UILabel+WRSize.m in Sources */,
				BB0EF4931F7A03BB00CE3846 /* UIControl+WRBlocks.m in Sources */,
				BBB3F1AB1F99D5BC00915D7E /* NSString+WRSize.m in Sources */,
				BB0EF49E1F7A03D200CE3846 /* UIView+WRMongolian.m in Sources */,
				BB9BE9861F453D7D009FA8AC /* main.m in Sources */,
				BB14933F1F948C2A00DDC429 /* WRLine.m in Sources */,
				BB0EF4941F7A03BB00CE3846 /* UIImage+WRConvenience.m in Sources */,
				BBCC744F1FACA52200FDAFB0 /* WRObject.m in Sources */,
			);
			runOnlyForDeploymentPostprocessing = 0;
		};
/* End PBXSourcesBuildPhase section */

/* Begin PBXVariantGroup section */
		BB9BE98D1F453D7D009FA8AC /* Main.storyboard */ = {
			isa = PBXVariantGroup;
			children = (
				BB9BE98E1F453D7D009FA8AC /* Base */,
			);
			name = Main.storyboard;
			sourceTree = "<group>";
		};
		BB9BE9921F453D7D009FA8AC /* LaunchScreen.storyboard */ = {
			isa = PBXVariantGroup;
			children = (
				BB9BE9931F453D7D009FA8AC /* Base */,
			);
			name = LaunchScreen.storyboard;
			sourceTree = "<group>";
		};
/* End PBXVariantGroup section */

/* Begin XCBuildConfiguration section */
		BB9BE9961F453D7D009FA8AC /* Debug */ = {
			isa = XCBuildConfiguration;
			buildSettings = {
				ALWAYS_SEARCH_USER_PATHS = NO;
				CLANG_ANALYZER_NONNULL = YES;
				CLANG_ANALYZER_NUMBER_OBJECT_CONVERSION = YES_AGGRESSIVE;
				CLANG_CXX_LANGUAGE_STANDARD = "gnu++0x";
				CLANG_CXX_LIBRARY = "libc++";
				CLANG_ENABLE_MODULES = YES;
				CLANG_ENABLE_OBJC_ARC = YES;
				CLANG_WARN_BLOCK_CAPTURE_AUTORELEASING = YES;
				CLANG_WARN_BOOL_CONVERSION = YES;
				CLANG_WARN_COMMA = YES;
				CLANG_WARN_CONSTANT_CONVERSION = YES;
				CLANG_WARN_DIRECT_OBJC_ISA_USAGE = YES_ERROR;
				CLANG_WARN_DOCUMENTATION_COMMENTS = YES;
				CLANG_WARN_EMPTY_BODY = YES;
				CLANG_WARN_ENUM_CONVERSION = YES;
				CLANG_WARN_INFINITE_RECURSION = YES;
				CLANG_WARN_INT_CONVERSION = YES;
				CLANG_WARN_NON_LITERAL_NULL_CONVERSION = YES;
				CLANG_WARN_OBJC_LITERAL_CONVERSION = YES;
				CLANG_WARN_OBJC_ROOT_CLASS = YES_ERROR;
				CLANG_WARN_RANGE_LOOP_ANALYSIS = YES;
				CLANG_WARN_STRICT_PROTOTYPES = YES;
				CLANG_WARN_SUSPICIOUS_MOVE = YES;
				CLANG_WARN_UNREACHABLE_CODE = YES;
				CLANG_WARN__DUPLICATE_METHOD_MATCH = YES;
				"CODE_SIGN_IDENTITY[sdk=iphoneos*]" = "iPhone Developer";
				COPY_PHASE_STRIP = NO;
				DEBUG_INFORMATION_FORMAT = dwarf;
				ENABLE_STRICT_OBJC_MSGSEND = YES;
				ENABLE_TESTABILITY = YES;
				GCC_C_LANGUAGE_STANDARD = gnu99;
				GCC_DYNAMIC_NO_PIC = NO;
				GCC_NO_COMMON_BLOCKS = YES;
				GCC_OPTIMIZATION_LEVEL = 0;
				GCC_PREPROCESSOR_DEFINITIONS = (
					"DEBUG=1",
					"$(inherited)",
				);
				GCC_WARN_64_TO_32_BIT_CONVERSION = YES;
				GCC_WARN_ABOUT_RETURN_TYPE = YES_ERROR;
				GCC_WARN_UNDECLARED_SELECTOR = YES;
				GCC_WARN_UNINITIALIZED_AUTOS = YES_AGGRESSIVE;
				GCC_WARN_UNUSED_FUNCTION = YES;
				GCC_WARN_UNUSED_VARIABLE = YES;
				IPHONEOS_DEPLOYMENT_TARGET = 10.3;
				MTL_ENABLE_DEBUG_INFO = YES;
				ONLY_ACTIVE_ARCH = YES;
				SDKROOT = iphoneos;
				TARGETED_DEVICE_FAMILY = "1,2";
			};
			name = Debug;
		};
		BB9BE9971F453D7D009FA8AC /* Release */ = {
			isa = XCBuildConfiguration;
			buildSettings = {
				ALWAYS_SEARCH_USER_PATHS = NO;
				CLANG_ANALYZER_NONNULL = YES;
				CLANG_ANALYZER_NUMBER_OBJECT_CONVERSION = YES_AGGRESSIVE;
				CLANG_CXX_LANGUAGE_STANDARD = "gnu++0x";
				CLANG_CXX_LIBRARY = "libc++";
				CLANG_ENABLE_MODULES = YES;
				CLANG_ENABLE_OBJC_ARC = YES;
				CLANG_WARN_BLOCK_CAPTURE_AUTORELEASING = YES;
				CLANG_WARN_BOOL_CONVERSION = YES;
				CLANG_WARN_COMMA = YES;
				CLANG_WARN_CONSTANT_CONVERSION = YES;
				CLANG_WARN_DIRECT_OBJC_ISA_USAGE = YES_ERROR;
				CLANG_WARN_DOCUMENTATION_COMMENTS = YES;
				CLANG_WARN_EMPTY_BODY = YES;
				CLANG_WARN_ENUM_CONVERSION = YES;
				CLANG_WARN_INFINITE_RECURSION = YES;
				CLANG_WARN_INT_CONVERSION = YES;
				CLANG_WARN_NON_LITERAL_NULL_CONVERSION = YES;
				CLANG_WARN_OBJC_LITERAL_CONVERSION = YES;
				CLANG_WARN_OBJC_ROOT_CLASS = YES_ERROR;
				CLANG_WARN_RANGE_LOOP_ANALYSIS = YES;
				CLANG_WARN_STRICT_PROTOTYPES = YES;
				CLANG_WARN_SUSPICIOUS_MOVE = YES;
				CLANG_WARN_UNREACHABLE_CODE = YES;
				CLANG_WARN__DUPLICATE_METHOD_MATCH = YES;
				"CODE_SIGN_IDENTITY[sdk=iphoneos*]" = "iPhone Developer";
				COPY_PHASE_STRIP = NO;
				DEBUG_INFORMATION_FORMAT = "dwarf-with-dsym";
				ENABLE_NS_ASSERTIONS = NO;
				ENABLE_STRICT_OBJC_MSGSEND = YES;
				GCC_C_LANGUAGE_STANDARD = gnu99;
				GCC_NO_COMMON_BLOCKS = YES;
				GCC_WARN_64_TO_32_BIT_CONVERSION = YES;
				GCC_WARN_ABOUT_RETURN_TYPE = YES_ERROR;
				GCC_WARN_UNDECLARED_SELECTOR = YES;
				GCC_WARN_UNINITIALIZED_AUTOS = YES_AGGRESSIVE;
				GCC_WARN_UNUSED_FUNCTION = YES;
				GCC_WARN_UNUSED_VARIABLE = YES;
				IPHONEOS_DEPLOYMENT_TARGET = 10.3;
				MTL_ENABLE_DEBUG_INFO = NO;
				SDKROOT = iphoneos;
				TARGETED_DEVICE_FAMILY = "1,2";
				VALIDATE_PRODUCT = YES;
			};
			name = Release;
		};
		BB9BE9991F453D7D009FA8AC /* Debug */ = {
			isa = XCBuildConfiguration;
			buildSettings = {
				ASSETCATALOG_COMPILER_APPICON_NAME = AppIcon;
				DEVELOPMENT_TEAM = R9B26KFUBG;
				INFOPLIST_FILE = WRKitDemo/Info.plist;
				LD_RUNPATH_SEARCH_PATHS = "$(inherited) @executable_path/Frameworks";
				PRODUCT_BUNDLE_IDENTIFIER = com.xianghui.WRKitDemo;
				PRODUCT_NAME = "$(TARGET_NAME)";
			};
			name = Debug;
		};
		BB9BE99A1F453D7D009FA8AC /* Release */ = {
			isa = XCBuildConfiguration;
			buildSettings = {
				ASSETCATALOG_COMPILER_APPICON_NAME = AppIcon;
				DEVELOPMENT_TEAM = R9B26KFUBG;
				INFOPLIST_FILE = WRKitDemo/Info.plist;
				LD_RUNPATH_SEARCH_PATHS = "$(inherited) @executable_path/Frameworks";
				PRODUCT_BUNDLE_IDENTIFIER = com.xianghui.WRKitDemo;
				PRODUCT_NAME = "$(TARGET_NAME)";
			};
			name = Release;
		};
/* End XCBuildConfiguration section */

/* Begin XCConfigurationList section */
		BB9BE97C1F453D7D009FA8AC /* Build configuration list for PBXProject "WRKitDemo" */ = {
			isa = XCConfigurationList;
			buildConfigurations = (
				BB9BE9961F453D7D009FA8AC /* Debug */,
				BB9BE9971F453D7D009FA8AC /* Release */,
			);
			defaultConfigurationIsVisible = 0;
			defaultConfigurationName = Release;
		};
		BB9BE9981F453D7D009FA8AC /* Build configuration list for PBXNativeTarget "WRKitDemo" */ = {
			isa = XCConfigurationList;
			buildConfigurations = (
				BB9BE9991F453D7D009FA8AC /* Debug */,
				BB9BE99A1F453D7D009FA8AC /* Release */,
			);
			defaultConfigurationIsVisible = 0;
			defaultConfigurationName = Release;
		};
/* End XCConfigurationList section */
	};
	rootObject = BB9BE9791F453D7D009FA8AC /* Project object */;
}
